
Microsoft Visual Studio Solution File, Format Version 12.00
# Visual Studio 15
VisualStudioVersion = 15.0.26124.0
MinimumVisualStudioVersion = 15.0.26124.0
Project("{FAE04EC0-301F-11D3-BF4B-00C04F79EFBC}") = "mylib", "mylib\mylib.csproj", "{AA2E66C9-7D13-4AB1-9BF2-2C729243CE1A}"
EndProject
Project("{FAE04EC0-301F-11D3-BF4B-00C04F79EFBC}") = "myconsole", "myconsole\myconsole.csproj", "{086534D9-32F5-4B48-84C7-C60270E91F34}"
EndProject
Project("{FAE04EC0-301F-11D3-BF4B-00C04F79EFBC}") = "myapi", "myapi\myapi.csproj", "{BFAF095F-81BB-46B6-87E1-35838EFBD127}"
EndProject
Global
	GlobalSection(SolutionConfigurationPlatforms) = preSolution
		Debug|Any CPU = Debug|Any CPU
		Debug|x64 = Debug|x64
		Debug|x86 = Debug|x86
		Release|Any CPU = Release|Any CPU
		Release|x64 = Release|x64
		Release|x86 = Release|x86
	EndGlobalSection
	GlobalSection(SolutionProperties) = preSolution
		HideSolutionNode = FALSE
	EndGlobalSection
	GlobalSection(ProjectConfigurationPlatforms) = postSolution
		{AA2E66C9-7D13-4AB1-9BF2-2C729243CE1A}.Debug|Any CPU.ActiveCfg = Debug|Any CPU
		{AA2E66C9-7D13-4AB1-9BF2-2C729243CE1A}.Debug|Any CPU.Build.0 = Debug|Any CPU
		{AA2E66C9-7D13-4AB1-9BF2-2C729243CE1A}.Debug|x64.ActiveCfg = Debug|Any CPU
		{AA2E66C9-7D13-4AB1-9BF2-2C729243CE1A}.Debug|x64.Build.0 = Debug|Any CPU
		{AA2E66C9-7D13-4AB1-9BF2-2C729243CE1A}.Debug|x86.ActiveCfg = Debug|Any CPU
		{AA2E66C9-7D13-4AB1-9BF2-2C729243CE1A}.Debug|x86.Build.0 = Debug|Any CPU
		{AA2E66C9-7D13-4AB1-9BF2-2C729243CE1A}.Release|Any CPU.ActiveCfg = Release|Any CPU
		{AA2E66C9-7D13-4AB1-9BF2-2C729243CE1A}.Release|Any CPU.Build.0 = Release|Any CPU
		{AA2E66C9-7D13-4AB1-9BF2-2C729243CE1A}.Release|x64.ActiveCfg = Release|Any CPU
		{AA2E66C9-7D13-4AB1-9BF2-2C729243CE1A}.Release|x64.Build.0 = Release|Any CPU
		{AA2E66C9-7D13-4AB1-9BF2-2C729243CE1A}.Release|x86.ActiveCfg = Release|Any CPU
		{AA2E66C9-7D13-4AB1-9BF2-2C729243CE1A}.Release|x86.Build.0 = Release|Any CPU
		{086534D9-32F5-4B48-84C7-C60270E91F34}.Debug|Any CPU.ActiveCfg = Debug|Any CPU
		{086534D9-32F5-4B48-84C7-C60270E91F34}.Debug|Any CPU.Build.0 = Debug|Any CPU
		{086534D9-32F5-4B48-84C7-C60270E91F34}.Debug|x64.ActiveCfg = Debug|Any CPU
		{086534D9-32F5-4B48-84C7-C60270E91F34}.Debug|x64.Build.0 = Debug|Any CPU
		{086534D9-32F5-4B48-84C7-C60270E91F34}.Debug|x86.ActiveCfg = Debug|Any CPU
		{086534D9-32F5-4B48-84C7-C60270E91F34}.Debug|x86.Build.0 = Debug|Any CPU
		{086534D9-32F5-4B48-84C7-C60270E91F34}.Release|Any CPU.ActiveCfg = Release|Any CPU
		{086534D9-32F5-4B48-84C7-C60270E91F34}.Release|Any CPU.Build.0 = Release|Any CPU
		{086534D9-32F5-4B48-84C7-C60270E91F34}.Release|x64.ActiveCfg = Release|Any CPU
		{086534D9-32F5-4B48-84C7-C60270E91F34}.Release|x64.Build.0 = Release|Any CPU
		{086534D9-32F5-4B48-84C7-C60270E91F34}.Release|x86.ActiveCfg = Release|Any CPU
		{086534D9-32F5-4B48-84C7-C60270E91F34}.Release|x86.Build.0 = Release|Any CPU
		{BFAF095F-81BB-46B6-87E1-35838EFBD127}.Debug|Any CPU.ActiveCfg = Debug|Any CPU
		{BFAF095F-81BB-46B6-87E1-35838EFBD127}.Debug|Any CPU.Build.0 = Debug|Any CPU
		{BFAF095F-81BB-46B6-87E1-35838EFBD127}.Debug|x64.ActiveCfg = Debug|Any CPU
		{BFAF095F-81BB-46B6-87E1-35838EFBD127}.Debug|x64.Build.0 = Debug|Any CPU
		{BFAF095F-81BB-46B6-87E1-35838EFBD127}.Debug|x86.ActiveCfg = Debug|Any CPU
		{BFAF095F-81BB-46B6-87E1-35838EFBD127}.Debug|x86.Build.0 = Debug|Any CPU
		{BFAF095F-81BB-46B6-87E1-35838EFBD127}.Release|Any CPU.ActiveCfg = Release|Any CPU
		{BFAF095F-81BB-46B6-87E1-35838EFBD127}.Release|Any CPU.Build.0 = Release|Any CPU
		{BFAF095F-81BB-46B6-87E1-35838EFBD127}.Release|x64.ActiveCfg = Release|Any CPU
		{BFAF095F-81BB-46B6-87E1-35838EFBD127}.Release|x64.Build.0 = Release|Any CPU
		{BFAF095F-81BB-46B6-87E1-35838EFBD127}.Release|x86.ActiveCfg = Release|Any CPU
		{BFAF095F-81BB-46B6-87E1-35838EFBD127}.Release|x86.Build.0 = Release|Any CPU
	EndGlobalSection
EndGlobal
